image: ghcr.io/zseanyves/moontfhe-estimator
digest: sha256:dc508da2f7611dcf9b03df046cfcc8e910caae7f27d6bbf89107df794c7e974c
platform: linux/amd64
base_image: sagemath/sagemath
base_digest: sha256:e068670ae5863b54b2550e72437ec637b0283acb0dc712c8584c124dbf44e667
lattice_estimator_commit: 3e48ef421ec256afddb3e7d2249a77eab6e9ba12
